// !$*UTF8*$!
{
	archiveVersion = 1;
	classes = {
	};
	objectVersion = 50;
	objects = {

/* Begin PBXBuildFile section */
		58C9DE7425E710A0004C5C56 /* AppDelegate.swift in Sources */ = {isa = PBXBuildFile; fileRef = 58C9DE7325E710A0004C5C56 /* AppDelegate.swift */; };
		58C9DE7625E710A0004C5C56 /* SceneDelegate.swift in Sources */ = {isa = PBXBuildFile; fileRef = 58C9DE7525E710A0004C5C56 /* SceneDelegate.swift */; };
		58C9DE7825E710A0004C5C56 /* ViewController.swift in Sources */ = {isa = PBXBuildFile; fileRef = 58C9DE7725E710A0004C5C56 /* ViewController.swift */; };
		58C9DE7B25E710A0004C5C56 /* Main.storyboard in Resources */ = {isa = PBXBuildFile; fileRef = 58C9DE7925E710A0004C5C56 /* Main.storyboard */; };
		58C9DE7D25E710A8004C5C56 /* Assets.xcassets in Resources */ = {isa = PBXBuildFile; fileRef = 58C9DE7C25E710A8004C5C56 /* Assets.xcassets */; };
		58C9DE8025E710A8004C5C56 /* LaunchScreen.storyboard in Resources */ = {isa = PBXBuildFile; fileRef = 58C9DE7E25E710A8004C5C56 /* LaunchScreen.storyboard */; };
		58C9DE8B25E710A9004C5C56 /* PokeApiTestTests.swift in Sources */ = {isa = PBXBuildFile; fileRef = 58C9DE8A25E710A9004C5C56 /* PokeApiTestTests.swift */; };
		58C9DE9625E710A9004C5C56 /* PokeApiTestUITests.swift in Sources */ = {isa = PBXBuildFile; fileRef = 58C9DE9525E710A9004C5C56 /* PokeApiTestUITests.swift */; };
/* End PBXBuildFile section */

/* Begin PBXContainerItemProxy section */
		58C9DE8725E710A9004C5C56 /* PBXContainerItemProxy */ = {
			isa = PBXContainerItemProxy;
			containerPortal = 58C9DE6825E710A0004C5C56 /* Project object */;
			proxyType = 1;
			remoteGlobalIDString = 58C9DE6F25E710A0004C5C56;
			remoteInfo = PokeApiTest;
		};
		58C9DE9225E710A9004C5C56 /* PBXContainerItemProxy */ = {
			isa = PBXContainerItemProxy;
			containerPortal = 58C9DE6825E710A0004C5C56 /* Project object */;
			proxyType = 1;
			remoteGlobalIDString = 58C9DE6F25E710A0004C5C56;
			remoteInfo = PokeApiTest;
		};
/* End PBXContainerItemProxy section */

/* Begin PBXFileReference section */
		58C9DE7025E710A0004C5C56 /* PokeApiTest.app */ = {isa = PBXFileReference; explicitFileType = wrapper.application; includeInIndex = 0; path = PokeApiTest.app; sourceTree = BUILT_PRODUCTS_DIR; };
		58C9DE7325E710A0004C5C56 /* AppDelegate.swift */ = {isa = PBXFileReference; lastKnownFileType = sourcecode.swift; path = AppDelegate.swift; sourceTree = "<group>"; };
		58C9DE7525E710A0004C5C56 /* SceneDelegate.swift */ = {isa = PBXFileReference; lastKnownFileType = sourcecode.swift; path = SceneDelegate.swift; sourceTree = "<group>"; };
		58C9DE7725E710A0004C5C56 /* ViewController.swift */ = {isa = PBXFileReference; lastKnownFileType = sourcecode.swift; path = ViewController.swift; sourceTree = "<group>"; };
		58C9DE7A25E710A0004C5C56 /* Base */ = {isa = PBXFileReference; lastKnownFileType = file.storyboard; name = Base; path = Base.lproj/Main.storyboard; sourceTree = "<group>"; };
		58C9DE7C25E710A8004C5C56 /* Assets.xcassets */ = {isa = PBXFileReference; lastKnownFileType = folder.assetcatalog; path = Assets.xcassets; sourceTree = "<group>"; };
		58C9DE7F25E710A8004C5C56 /* Base */ = {isa = PBXFileReference; lastKnownFileType = file.storyboard; name = Base; path = Base.lproj/LaunchScreen.storyboard; sourceTree = "<group>"; };
		58C9DE8125E710A8004C5C56 /* Info.plist */ = {isa = PBXFileReference; lastKnownFileType = text.plist.xml; path = Info.plist; sourceTree = "<group>"; };
		58C9DE8625E710A9004C5C56 /* PokeApiTestTests.xctest */ = {isa = PBXFileReference; explicitFileType = wrapper.cfbundle; includeInIndex = 0; path = PokeApiTestTests.xctest; sourceTree = BUILT_PRODUCTS_DIR; };
		58C9DE8A25E710A9004C5C56 /* PokeApiTestTests.swift */ = {isa = PBXFileReference; lastKnownFileType = sourcecode.swift; path = PokeApiTestTests.swift; sourceTree = "<group>"; };
		58C9DE8C25E710A9004C5C56 /* Info.plist */ = {isa = PBXFileReference; lastKnownFileType = text.plist.xml; path = Info.plist; sourceTree = "<group>"; };
		58C9DE9125E710A9004C5C56 /* PokeApiTestUITests.xctest */ = {isa = PBXFileReference; explicitFileType = wrapper.cfbundle; includeInIndex = 0; path = PokeApiTestUITests.xctest; sourceTree = BUILT_PRODUCTS_DIR; };
		58C9DE9525E710A9004C5C56 /* PokeApiTestUITests.swift */ = {isa = PBXFileReference; lastKnownFileType = sourcecode.swift; path = PokeApiTestUITests.swift; sourceTree = "<group>"; };
		58C9DE9725E710A9004C5C56 /* Info.plist */ = {isa = PBXFileReference; lastKnownFileType = text.plist.xml; path = Info.plist; sourceTree = "<group>"; };
/* End PBXFileReference section */

/* Begin PBXFrameworksBuildPhase section */
		58C9DE6D25E710A0004C5C56 /* Frameworks */ = {
			isa = PBXFrameworksBuildPhase;
			buildActionMask = 2147483647;
			files = (
			);
			runOnlyForDeploymentPostprocessing = 0;
		};
		58C9DE8325E710A9004C5C56 /* Frameworks */ = {
			isa = PBXFrameworksBuildPhase;
			buildActionMask = 2147483647;
			files = (
			);
			runOnlyForDeploymentPostprocessing = 0;
		};
		58C9DE8E25E710A9004C5C56 /* Frameworks */ = {
			isa = PBXFrameworksBuildPhase;
			buildActionMask = 2147483647;
			files = (
			);
			runOnlyForDeploymentPostprocessing = 0;
		};
/* End PBXFrameworksBuildPhase section */

/* Begin PBXGroup section */
		58C9DE6725E710A0004C5C56 = {
			isa = PBXGroup;
			children = (
				58C9DE7225E710A0004C5C56 /* PokeApiTest */,
				58C9DE8925E710A9004C5C56 /* PokeApiTestTests */,
				58C9DE9425E710A9004C5C56 /* PokeApiTestUITests */,
				58C9DE7125E710A0004C5C56 /* Products */,
			);
			sourceTree = "<group>";
		};
		58C9DE7125E710A0004C5C56 /* Products */ = {
			isa = PBXGroup;
			children = (
				58C9DE7025E710A0004C5C56 /* PokeApiTest.app */,
				58C9DE8625E710A9004C5C56 /* PokeApiTestTests.xctest */,
				58C9DE9125E710A9004C5C56 /* PokeApiTestUITests.xctest */,
			);
			name = Products;
			sourceTree = "<group>";
		};
		58C9DE7225E710A0004C5C56 /* PokeApiTest */ = {
			isa = PBXGroup;
			children = (
				58C9DE7325E710A0004C5C56 /* AppDelegate.swift */,
				58C9DE7525E710A0004C5C56 /* SceneDelegate.swift */,
				58C9DE7725E710A0004C5C56 /* ViewController.swift */,
				58C9DE7925E710A0004C5C56 /* Main.storyboard */,
				58C9DE7C25E710A8004C5C56 /* Assets.xcassets */,
				58C9DE7E25E710A8004C5C56 /* LaunchScreen.storyboard */,
				58C9DE8125E710A8004C5C56 /* Info.plist */,
			);
			path = PokeApiTest;
			sourceTree = "<group>";
		};
		58C9DE8925E710A9004C5C56 /* PokeApiTestTests */ = {
			isa = PBXGroup;
			children = (
				58C9DE8A25E710A9004C5C56 /* PokeApiTestTests.swift */,
				58C9DE8C25E710A9004C5C56 /* Info.plist */,
			);
			path = PokeApiTestTests;
			sourceTree = "<group>";
		};
		58C9DE9425E710A9004C5C56 /* PokeApiTestUITests */ = {
			isa = PBXGroup;
			children = (
				58C9DE9525E710A9004C5C56 /* PokeApiTestUITests.swift */,
				58C9DE9725E710A9004C5C56 /* Info.plist */,
			);
			path = PokeApiTestUITests;
			sourceTree = "<group>";
		};
/* End PBXGroup section */

/* Begin PBXNativeTarget section */
		58C9DE6F25E710A0004C5C56 /* PokeApiTest */ = {
			isa = PBXNativeTarget;
			buildConfigurationList = 58C9DE9A25E710A9004C5C56 /* Build configuration list for PBXNativeTarget "PokeApiTest" */;
			buildPhases = (
				58C9DE6C25E710A0004C5C56 /* Sources */,
				58C9DE6D25E710A0004C5C56 /* Frameworks */,
				58C9DE6E25E710A0004C5C56 /* Resources */,
			);
			buildRules = (
			);
			dependencies = (
			);
			name = PokeApiTest;
			productName = PokeApiTest;
			productReference = 58C9DE7025E710A0004C5C56 /* PokeApiTest.app */;
			productType = "com.apple.product-type.application";
		};
		58C9DE8525E710A9004C5C56 /* PokeApiTestTests */ = {
			isa = PBXNativeTarget;
			buildConfigurationList = 58C9DE9D25E710A9004C5C56 /* Build configuration list for PBXNativeTarget "PokeApiTestTests" */;
			buildPhases = (
				58C9DE8225E710A9004C5C56 /* Sources */,
				58C9DE8325E710A9004C5C56 /* Frameworks */,
				58C9DE8425E710A9004C5C56 /* Resources */,
			);
			buildRules = (
			);
			dependencies = (
				58C9DE8825E710A9004C5C56 /* PBXTargetDependency */,
			);
			name = PokeApiTestTests;
			productName = PokeApiTestTests;
			productReference = 58C9DE8625E710A9004C5C56 /* PokeApiTestTests.xctest */;
			productType = "com.apple.product-type.bundle.unit-test";
		};
		58C9DE9025E710A9004C5C56 /* PokeApiTestUITests */ = {
			isa = PBXNativeTarget;
			buildConfigurationList = 58C9DEA025E710A9004C5C56 /* Build configuration list for PBXNativeTarget "PokeApiTestUITests" */;
			buildPhases = (
				58C9DE8D25E710A9004C5C56 /* Sources */,
				58C9DE8E25E710A9004C5C56 /* Frameworks */,
				58C9DE8F25E710A9004C5C56 /* Resources */,
			);
			buildRules = (
			);
			dependencies = (
				58C9DE9325E710A9004C5C56 /* PBXTargetDependency */,
			);
			name = PokeApiTestUITests;
			productName = PokeApiTestUITests;
			productReference = 58C9DE9125E710A9004C5C56 /* PokeApiTestUITests.xctest */;
			productType = "com.apple.product-type.bundle.ui-testing";
		};
/* End PBXNativeTarget section */

/* Begin PBXProject section */
		58C9DE6825E710A0004C5C56 /* Project object */ = {
			isa = PBXProject;
			attributes = {
				LastSwiftUpdateCheck = 1240;
				LastUpgradeCheck = 1240;
				TargetAttributes = {
					58C9DE6F25E710A0004C5C56 = {
						CreatedOnToolsVersion = 12.4;
					};
					58C9DE8525E710A9004C5C56 = {
						CreatedOnToolsVersion = 12.4;
						TestTargetID = 58C9DE6F25E710A0004C5C56;
					};
					58C9DE9025E710A9004C5C56 = {
						CreatedOnToolsVersion = 12.4;
						TestTargetID = 58C9DE6F25E710A0004C5C56;
					};
				};
			};
			buildConfigurationList = 58C9DE6B25E710A0004C5C56 /* Build configuration list for PBXProject "PokeApiTest" */;
			compatibilityVersion = "Xcode 9.3";
			developmentRegion = en;
			hasScannedForEncodings = 0;
			knownRegions = (
				en,
				Base,
			);
			mainGroup = 58C9DE6725E710A0004C5C56;
			productRefGroup = 58C9DE7125E710A0004C5C56 /* Products */;
			projectDirPath = "";
			projectRoot = "";
			targets = (
				58C9DE6F25E710A0004C5C56 /* PokeApiTest */,
				58C9DE8525E710A9004C5C56 /* PokeApiTestTests */,
				58C9DE9025E710A9004C5C56 /* PokeApiTestUITests */,
			);
		};
/* End PBXProject section */

/* Begin PBXResourcesBuildPhase section */
		58C9DE6E25E710A0004C5C56 /* Resources */ = {
			isa = PBXResourcesBuildPhase;
			buildActionMask = 2147483647;
			files = (
				58C9DE8025E710A8004C5C56 /* LaunchScreen.storyboard in Resources */,
				58C9DE7D25E710A8004C5C56 /* Assets.xcassets in Resources */,
				58C9DE7B25E710A0004C5C56 /* Main.storyboard in Resources */,
			);
			runOnlyForDeploymentPostprocessing = 0;
		};
		58C9DE8425E710A9004C5C56 /* Resources */ = {
			isa = PBXResourcesBuildPhase;
			buildActionMask = 2147483647;
			files = (
			);
			runOnlyForDeploymentPostprocessing = 0;
		};
		58C9DE8F25E710A9004C5C56 /* Resources */ = {
			isa = PBXResourcesBuildPhase;
			buildActionMask = 2147483647;
			files = (
			);
			runOnlyForDeploymentPostprocessing = 0;
		};
/* End PBXResourcesBuildPhase section */

/* Begin PBXSourcesBuildPhase section */
		58C9DE6C25E710A0004C5C56 /* Sources */ = {
			isa = PBXSourcesBuildPhase;
			buildActionMask = 2147483647;
			files = (
				58C9DE7825E710A0004C5C56 /* ViewController.swift in Sources */,
				58C9DE7425E710A0004C5C56 /* AppDelegate.swift in Sources */,
				58C9DE7625E710A0004C5C56 /* SceneDelegate.swift in Sources */,
			);
			runOnlyForDeploymentPostprocessing = 0;
		};
		58C9DE8225E710A9004C5C56 /* Sources */ = {
			isa = PBXSourcesBuildPhase;
			buildActionMask = 2147483647;
			files = (
				58C9DE8B25E710A9004C5C56 /* PokeApiTestTests.swift in Sources */,
			);
			runOnlyForDeploymentPostprocessing = 0;
		};
		58C9DE8D25E710A9004C5C56 /* Sources */ = {
			isa = PBXSourcesBuildPhase;
			buildActionMask = 2147483647;
			files = (
				58C9DE9625E710A9004C5C56 /* PokeApiTestUITests.swift in Sources */,
			);
			runOnlyForDeploymentPostprocessing = 0;
		};
/* End PBXSourcesBuildPhase section */

/* Begin PBXTargetDependency section */
		58C9DE8825E710A9004C5C56 /* PBXTargetDependency */ = {
			isa = PBXTargetDependency;
			target = 58C9DE6F25E710A0004C5C56 /* PokeApiTest */;
			targetProxy = 58C9DE8725E710A9004C5C56 /* PBXContainerItemProxy */;
		};
		58C9DE9325E710A9004C5C56 /* PBXTargetDependency */ = {
			isa = PBXTargetDependency;
			target = 58C9DE6F25E710A0004C5C56 /* PokeApiTest */;
			targetProxy = 58C9DE9225E710A9004C5C56 /* PBXContainerItemProxy */;
		};
/* End PBXTargetDependency section */

/* Begin PBXVariantGroup section */
		58C9DE7925E710A0004C5C56 /* Main.storyboard */ = {
			isa = PBXVariantGroup;
			children = (
				58C9DE7A25E710A0004C5C56 /* Base */,
			);
			name = Main.storyboard;
			sourceTree = "<group>";
		};
		58C9DE7E25E710A8004C5C56 /* LaunchScreen.storyboard */ = {
			isa = PBXVariantGroup;
			children = (
				58C9DE7F25E710A8004C5C56 /* Base */,
			);
			name = LaunchScreen.storyboard;
			sourceTree = "<group>";
		};
/* End PBXVariantGroup section */

/* Begin XCBuildConfiguration section */
		58C9DE9825E710A9004C5C56 /* Debug */ = {
			isa = XCBuildConfiguration;
			buildSettings = {
				ALWAYS_SEARCH_USER_PATHS = NO;
				CLANG_ANALYZER_NONNULL = YES;
				CLANG_ANALYZER_NUMBER_OBJECT_CONVERSION = YES_AGGRESSIVE;
				CLANG_CXX_LANGUAGE_STANDARD = "gnu++14";
				CLANG_CXX_LIBRARY = "libc++";
				CLANG_ENABLE_MODULES = YES;
				CLANG_ENABLE_OBJC_ARC = YES;
				CLANG_ENABLE_OBJC_WEAK = YES;
				CLANG_WARN_BLOCK_CAPTURE_AUTORELEASING = YES;
				CLANG_WARN_BOOL_CONVERSION = YES;
				CLANG_WARN_COMMA = YES;
				CLANG_WARN_CONSTANT_CONVERSION = YES;
				CLANG_WARN_DEPRECATED_OBJC_IMPLEMENTATIONS = YES;
				CLANG_WARN_DIRECT_OBJC_ISA_USAGE = YES_ERROR;
				CLANG_WARN_DOCUMENTATION_COMMENTS = YES;
				CLANG_WARN_EMPTY_BODY = YES;
				CLANG_WARN_ENUM_CONVERSION = YES;
				CLANG_WARN_INFINITE_RECURSION = YES;
				CLANG_WARN_INT_CONVERSION = YES;
				CLANG_WARN_NON_LITERAL_NULL_CONVERSION = YES;
				CLANG_WARN_OBJC_IMPLICIT_RETAIN_SELF = YES;
				CLANG_WARN_OBJC_LITERAL_CONVERSION = YES;
				CLANG_WARN_OBJC_ROOT_CLASS = YES_ERROR;
				CLANG_WARN_QUOTED_INCLUDE_IN_FRAMEWORK_HEADER = YES;
				CLANG_WARN_RANGE_LOOP_ANALYSIS = YES;
				CLANG_WARN_STRICT_PROTOTYPES = YES;
				CLANG_WARN_SUSPICIOUS_MOVE = YES;
				CLANG_WARN_UNGUARDED_AVAILABILITY = YES_AGGRESSIVE;
				CLANG_WARN_UNREACHABLE_CODE = YES;
				CLANG_WARN__DUPLICATE_METHOD_MATCH = YES;
				COPY_PHASE_STRIP = NO;
				DEBUG_INFORMATION_FORMAT = dwarf;
				ENABLE_STRICT_OBJC_MSGSEND = YES;
				ENABLE_TESTABILITY = YES;
				GCC_C_LANGUAGE_STANDARD = gnu11;
				GCC_DYNAMIC_NO_PIC = NO;
				GCC_NO_COMMON_BLOCKS = YES;
				GCC_OPTIMIZATION_LEVEL = 0;
				GCC_PREPROCESSOR_DEFINITIONS = (
					"DEBUG=1",
					"$(inherited)",
				);
				GCC_WARN_64_TO_32_BIT_CONVERSION = YES;
				GCC_WARN_ABOUT_RETURN_TYPE = YES_ERROR;
				GCC_WARN_UNDECLARED_SELECTOR = YES;
				GCC_WARN_UNINITIALIZED_AUTOS = YES_AGGRESSIVE;
				GCC_WARN_UNUSED_FUNCTION = YES;
				GCC_WARN_UNUSED_VARIABLE = YES;
				IPHONEOS_DEPLOYMENT_TARGET = 14.4;
				MTL_ENABLE_DEBUG_INFO = INCLUDE_SOURCE;
				MTL_FAST_MATH = YES;
				ONLY_ACTIVE_ARCH = YES;
				SDKROOT = iphoneos;
				SWIFT_ACTIVE_COMPILATION_CONDITIONS = DEBUG;
				SWIFT_OPTIMIZATION_LEVEL = "-Onone";
			};
			name = Debug;
		};
		58C9DE9925E710A9004C5C56 /* Release */ = {
			isa = XCBuildConfiguration;
			buildSettings = {
				ALWAYS_SEARCH_USER_PATHS = NO;
				CLANG_ANALYZER_NONNULL = YES;
				CLANG_ANALYZER_NUMBER_OBJECT_CONVERSION = YES_AGGRESSIVE;
				CLANG_CXX_LANGUAGE_STANDARD = "gnu++14";
				CLANG_CXX_LIBRARY = "libc++";
				CLANG_ENABLE_MODULES = YES;
				CLANG_ENABLE_OBJC_ARC = YES;
				CLANG_ENABLE_OBJC_WEAK = YES;
				CLANG_WARN_BLOCK_CAPTURE_AUTORELEASING = YES;
				CLANG_WARN_BOOL_CONVERSION = YES;
				CLANG_WARN_COMMA = YES;
				CLANG_WARN_CONSTANT_CONVERSION = YES;
				CLANG_WARN_DEPRECATED_OBJC_IMPLEMENTATIONS = YES;
				CLANG_WARN_DIRECT_OBJC_ISA_USAGE = YES_ERROR;
				CLANG_WARN_DOCUMENTATION_COMMENTS = YES;
				CLANG_WARN_EMPTY_BODY = YES;
				CLANG_WARN_ENUM_CONVERSION = YES;
				CLANG_WARN_INFINITE_RECURSION = YES;
				CLANG_WARN_INT_CONVERSION = YES;
				CLANG_WARN_NON_LITERAL_NULL_CONVERSION = YES;
				CLANG_WARN_OBJC_IMPLICIT_RETAIN_SELF = YES;
				CLANG_WARN_OBJC_LITERAL_CONVERSION = YES;
				CLANG_WARN_OBJC_ROOT_CLASS = YES_ERROR;
				CLANG_WARN_QUOTED_INCLUDE_IN_FRAMEWORK_HEADER = YES;
				CLANG_WARN_RANGE_LOOP_ANALYSIS = YES;
				CLANG_WARN_STRICT_PROTOTYPES = YES;
				CLANG_WARN_SUSPICIOUS_MOVE = YES;
				CLANG_WARN_UNGUARDED_AVAILABILITY = YES_AGGRESSIVE;
				CLANG_WARN_UNREACHABLE_CODE = YES;
				CLANG_WARN__DUPLICATE_METHOD_MATCH = YES;
				COPY_PHASE_STRIP = NO;
				DEBUG_INFORMATION_FORMAT = "dwarf-with-dsym";
				ENABLE_NS_ASSERTIONS = NO;
				ENABLE_STRICT_OBJC_MSGSEND = YES;
				GCC_C_LANGUAGE_STANDARD = gnu11;
				GCC_NO_COMMON_BLOCKS = YES;
				GCC_WARN_64_TO_32_BIT_CONVERSION = YES;
				GCC_WARN_ABOUT_RETURN_TYPE = YES_ERROR;
				GCC_WARN_UNDECLARED_SELECTOR = YES;
				GCC_WARN_UNINITIALIZED_AUTOS = YES_AGGRESSIVE;
				GCC_WARN_UNUSED_FUNCTION = YES;
				GCC_WARN_UNUSED_VARIABLE = YES;
				IPHONEOS_DEPLOYMENT_TARGET = 14.4;
				MTL_ENABLE_DEBUG_INFO = NO;
				MTL_FAST_MATH = YES;
				SDKROOT = iphoneos;
				SWIFT_COMPILATION_MODE = wholemodule;
				SWIFT_OPTIMIZATION_LEVEL = "-O";
				VALIDATE_PRODUCT = YES;
			};
			name = Release;
		};
		58C9DE9B25E710A9004C5C56 /* Debug */ = {
			isa = XCBuildConfiguration;
			buildSettings = {
				ASSETCATALOG_COMPILER_APPICON_NAME = AppIcon;
				ASSETCATALOG_COMPILER_GLOBAL_ACCENT_COLOR_NAME = AccentColor;
				CODE_SIGN_STYLE = Automatic;
				DEVELOPMENT_TEAM = 45T38C498Z;
				INFOPLIST_FILE = PokeApiTest/Info.plist;
				LD_RUNPATH_SEARCH_PATHS = (
					"$(inherited)",
					"@executable_path/Frameworks",
				);
				PRODUCT_BUNDLE_IDENTIFIER = mariockr.PokeApiTest;
				PRODUCT_NAME = "$(TARGET_NAME)";
				SWIFT_VERSION = 5.0;
				TARGETED_DEVICE_FAMILY = "1,2";
			};
			name = Debug;
		};
		58C9DE9C25E710A9004C5C56 /* Release */ = {
			isa = XCBuildConfiguration;
			buildSettings = {
				ASSETCATALOG_COMPILER_APPICON_NAME = AppIcon;
				ASSETCATALOG_COMPILER_GLOBAL_ACCENT_COLOR_NAME = AccentColor;
				CODE_SIGN_STYLE = Automatic;
				DEVELOPMENT_TEAM = 45T38C498Z;
				INFOPLIST_FILE = PokeApiTest/Info.plist;
				LD_RUNPATH_SEARCH_PATHS = (
					"$(inherited)",
					"@executable_path/Frameworks",
				);
				PRODUCT_BUNDLE_IDENTIFIER = mariockr.PokeApiTest;
				PRODUCT_NAME = "$(TARGET_NAME)";
				SWIFT_VERSION = 5.0;
				TARGETED_DEVICE_FAMILY = "1,2";
			};
			name = Release;
		};
		58C9DE9E25E710A9004C5C56 /* Debug */ = {
			isa = XCBuildConfiguration;
			buildSettings = {
				ALWAYS_EMBED_SWIFT_STANDARD_LIBRARIES = YES;
				BUNDLE_LOADER = "$(TEST_HOST)";
				CODE_SIGN_STYLE = Automatic;
				DEVELOPMENT_TEAM = 45T38C498Z;
				INFOPLIST_FILE = PokeApiTestTests/Info.plist;
				IPHONEOS_DEPLOYMENT_TARGET = 14.4;
				LD_RUNPATH_SEARCH_PATHS = (
					"$(inherited)",
					"@executable_path/Frameworks",
					"@loader_path/Frameworks",
				);
				PRODUCT_BUNDLE_IDENTIFIER = mariockr.PokeApiTestTests;
				PRODUCT_NAME = "$(TARGET_NAME)";
				SWIFT_VERSION = 5.0;
				TARGETED_DEVICE_FAMILY = "1,2";
				TEST_HOST = "$(BUILT_PRODUCTS_DIR)/PokeApiTest.app/PokeApiTest";
			};
			name = Debug;
		};
		58C9DE9F25E710A9004C5C56 /* Release */ = {
			isa = XCBuildConfiguration;
			buildSettings = {
				ALWAYS_EMBED_SWIFT_STANDARD_LIBRARIES = YES;
				BUNDLE_LOADER = "$(TEST_HOST)";
				CODE_SIGN_STYLE = Automatic;
				DEVELOPMENT_TEAM = 45T38C498Z;
				INFOPLIST_FILE = PokeApiTestTests/Info.plist;
				IPHONEOS_DEPLOYMENT_TARGET = 14.4;
				LD_RUNPATH_SEARCH_PATHS = (
					"$(inherited)",
					"@executable_path/Frameworks",
					"@loader_path/Frameworks",
				);
				PRODUCT_BUNDLE_IDENTIFIER = mariockr.PokeApiTestTests;
				PRODUCT_NAME = "$(TARGET_NAME)";
				SWIFT_VERSION = 5.0;
				TARGETED_DEVICE_FAMILY = "1,2";
				TEST_HOST = "$(BUILT_PRODUCTS_DIR)/PokeApiTest.app/PokeApiTest";
			};
			name = Release;
		};
		58C9DEA125E710A9004C5C56 /* Debug */ = {
			isa = XCBuildConfiguration;
			buildSettings = {
				ALWAYS_EMBED_SWIFT_STANDARD_LIBRARIES = YES;
				CODE_SIGN_STYLE = Automatic;
				DEVELOPMENT_TEAM = 45T38C498Z;
				INFOPLIST_FILE = PokeApiTestUITests/Info.plist;
				LD_RUNPATH_SEARCH_PATHS = (
					"$(inherited)",
					"@executable_path/Frameworks",
					"@loader_path/Frameworks",
				);
				PRODUCT_BUNDLE_IDENTIFIER = mariockr.PokeApiTestUITests;
				PRODUCT_NAME = "$(TARGET_NAME)";
				SWIFT_VERSION = 5.0;
				TARGETED_DEVICE_FAMILY = "1,2";
				TEST_TARGET_NAME = PokeApiTest;
			};
			name = Debug;
		};
		58C9DEA225E710A9004C5C56 /* Release */ = {
			isa = XCBuildConfiguration;
			buildSettings = {
				ALWAYS_EMBED_SWIFT_STANDARD_LIBRARIES = YES;
				CODE_SIGN_STYLE = Automatic;
				DEVELOPMENT_TEAM = 45T38C498Z;
				INFOPLIST_FILE = PokeApiTestUITests/Info.plist;
				LD_RUNPATH_SEARCH_PATHS = (
					"$(inherited)",
					"@executable_path/Frameworks",
					"@loader_path/Frameworks",
				);
				PRODUCT_BUNDLE_IDENTIFIER = mariockr.PokeApiTestUITests;
				PRODUCT_NAME = "$(TARGET_NAME)";
				SWIFT_VERSION = 5.0;
				TARGETED_DEVICE_FAMILY = "1,2";
				TEST_TARGET_NAME = PokeApiTest;
			};
			name = Release;
		};
/* End XCBuildConfiguration section */

/* Begin XCConfigurationList section */
		58C9DE6B25E710A0004C5C56 /* Build configuration list for PBXProject "PokeApiTest" */ = {
			isa = XCConfigurationList;
			buildConfigurations = (
				58C9DE9825E710A9004C5C56 /* Debug */,
				58C9DE9925E710A9004C5C56 /* Release */,
			);
			defaultConfigurationIsVisible = 0;
			defaultConfigurationName = Release;
		};
		58C9DE9A25E710A9004C5C56 /* Build configuration list for PBXNativeTarget "PokeApiTest" */ = {
			isa = XCConfigurationList;
			buildConfigurations = (
				58C9DE9B25E710A9004C5C56 /* Debug */,
				58C9DE9C25E710A9004C5C56 /* Release */,
			);
			defaultConfigurationIsVisible = 0;
			defaultConfigurationName = Release;
		};
		58C9DE9D25E710A9004C5C56 /* Build configuration list for PBXNativeTarget "PokeApiTestTests" */ = {
			isa = XCConfigurationList;
			buildConfigurations = (
				58C9DE9E25E710A9004C5C56 /* Debug */,
				58C9DE9F25E710A9004C5C56 /* Release */,
			);
			defaultConfigurationIsVisible = 0;
			defaultConfigurationName = Release;
		};
		58C9DEA025E710A9004C5C56 /* Build configuration list for PBXNativeTarget "PokeApiTestUITests" */ = {
			isa = XCConfigurationList;
			buildConfigurations = (
				58C9DEA125E710A9004C5C56 /* Debug */,
				58C9DEA225E710A9004C5C56 /* Release */,
			);
			defaultConfigurationIsVisible = 0;
			defaultConfigurationName = Release;
		};
/* End XCConfigurationList section */
	};
	rootObject = 58C9DE6825E710A0004C5C56 /* Project object */;
}
